{
  "name": "commonjs-require",
  "lockfileVersion": 3,
  "requires": true,
  "packages": {
    "": {
      "dependencies": {
        "@viz-js/viz": "../.."
      }
    },
    "../..": {
      "name": "@viz-js/viz",
      "version": "3.12.0-dev",
      "license": "MIT",
      "devDependencies": {
        "@babel/core": "^7.21.4",
        "@babel/preset-env": "^7.21.4",
        "@rollup/plugin-babel": "^6.0.3",
        "@rollup/plugin-terser": "^0.4.1",
        "jsdom": "^21.1.1",
        "mocha": "^11.1.0",
        "rollup": "^3.29.5"
      }
    },
    "node_modules/@viz-js/viz": {
      "resolved": "../..",
      "link": true
    }
  }
}
