{
  "name": "types",
  "lockfileVersion": 3,
  "requires": true,
  "packages": {
    "": {
      "dependencies": {
        "@viz-js/viz": "../..",
        "typescript": "^5.1.3"
      }
    },
    "../..": {
      "name": "@viz-js/viz",
      "version": "3.12.0-dev",
      "license": "MIT",
      "devDependencies": {
        "@babel/core": "^7.21.4",
        "@babel/preset-env": "^7.21.4",
        "@rollup/plugin-babel": "^6.0.3",
        "@rollup/plugin-terser": "^0.4.1",
        "jsdom": "^21.1.1",
        "mocha": "^11.1.0",
        "rollup": "^3.29.5"
      }
    },
    "node_modules/@viz-js/viz": {
      "resolved": "../..",
      "link": true
    },
    "node_modules/typescript": {
      "version": "5.1.3",
      "license": "Apache-2.0",
      "bin": {
        "tsc": "bin/tsc",
        "tsserver": "bin/tsserver"
      },
      "engines": {
        "node": ">=14.17"
      }
    }
  }
}
