# THIS IS AN AUTOGENERATED FILE. DO NOT EDIT THIS FILE DIRECTLY.
# yarn lockfile v1


"@codemirror/language@^6.8.0":
  version "6.9.1"
  resolved "https://registry.yarnpkg.com/@codemirror/language/-/language-6.9.1.tgz#97e2c3e44cf4ff152add865ed7ecec73868446a4"
  integrity sha512-lWRP3Y9IUdOms6DXuBpoWwjkR7yRmnS0hKYCbSfPz9v6Em1A1UCRujAkDiCrdYfs1Z0Eu4dGtwovNPStIfkgNA==
  dependencies:
    "@codemirror/state" "^6.0.0"
    "@codemirror/view" "^6.0.0"
    "@lezer/common" "^1.1.0"
    "@lezer/highlight" "^1.0.0"
    "@lezer/lr" "^1.0.0"
    style-mod "^4.0.0"

"@codemirror/state@^6.0.0", "@codemirror/state@^6.1.4":
  version "6.2.1"
  resolved "https://registry.yarnpkg.com/@codemirror/state/-/state-6.2.1.tgz#6dc8d8e5abb26b875e3164191872d69a5e85bd73"
  integrity sha512-RupHSZ8+OjNT38zU9fKH2sv+Dnlr8Eb8sl4NOnnqz95mCFTZUaiRP8Xv5MeeaG0px2b8Bnfe7YGwCV3nsBhbuw==

"@codemirror/view@^6.0.0":
  version "6.21.3"
  resolved "https://registry.yarnpkg.com/@codemirror/view/-/view-6.21.3.tgz#cf8e3ee6f08e06a6912f18bc90548b4b74badb7a"
  integrity sha512-8l1aSQ6MygzL4Nx7GVYhucSXvW4jQd0F6Zm3v9Dg+6nZEfwzJVqi4C2zHfDljID+73gsQrWp9TgHc81xU15O4A==
  dependencies:
    "@codemirror/state" "^6.1.4"
    style-mod "^4.1.0"
    w3c-keyname "^2.2.4"

"@lezer/common@^1.0.0", "@lezer/common@^1.0.3", "@lezer/common@^1.1.0":
  version "1.1.0"
  resolved "https://registry.yarnpkg.com/@lezer/common/-/common-1.1.0.tgz#2e5bfe01d7a2ada6056d93c677bba4f1495e098a"
  integrity sha512-XPIN3cYDXsoJI/oDWoR2tD++juVrhgIago9xyKhZ7IhGlzdDM9QgC8D8saKNCz5pindGcznFr2HBSsEQSWnSjw==

"@lezer/highlight@^1.0.0", "@lezer/highlight@^1.1.6":
  version "1.1.6"
  resolved "https://registry.yarnpkg.com/@lezer/highlight/-/highlight-1.1.6.tgz#87e56468c0f43c2a8b3dc7f0b7c2804b34901556"
  integrity sha512-cmSJYa2us+r3SePpRCjN5ymCqCPv+zyXmDl0ciWtVaNiORT/MxM7ZgOMQZADD0o51qOaOg24qc/zBViOIwAjJg==
  dependencies:
    "@lezer/common" "^1.0.0"

"@lezer/lr@^1.0.0":
  version "1.3.13"
  resolved "https://registry.yarnpkg.com/@lezer/lr/-/lr-1.3.13.tgz#578e06c6c52e4dc38421368904585afa3eb82ec8"
  integrity sha512-RLAbau/4uSzKgIKj96mI5WUtG1qtiR0Frn0Ei9zhPj8YOkHM+1Bb8SgdVvmR/aWJCFIzjo2KFnDiRZ75Xf5NdQ==
  dependencies:
    "@lezer/common" "^1.0.0"

"@lezer/xml@^1.0.2":
  version "1.0.2"
  resolved "https://registry.yarnpkg.com/@lezer/xml/-/xml-1.0.2.tgz#5c934602d1d3565fdaf04e93b534c8b94f4df2d1"
  integrity sha512-dlngsWceOtQBMuBPw5wtHpaxdPJ71aVntqjbpGkFtWsp4WtQmCnuTjQGocviymydN6M18fhj6UQX3oiEtSuY7w==
  dependencies:
    "@lezer/highlight" "^1.0.0"
    "@lezer/lr" "^1.0.0"

"@viz-js/lang-dot@link:../..":
  version "0.0.0"
  uid ""

style-mod@^4.0.0, style-mod@^4.1.0:
  version "4.1.0"
  resolved "https://registry.yarnpkg.com/style-mod/-/style-mod-4.1.0.tgz#a313a14f4ae8bb4d52878c0053c4327fb787ec09"
  integrity sha512-Ca5ib8HrFn+f+0n4N4ScTIA9iTOQ7MaGS1ylHcoVqW9J7w2w8PzN6g9gKmTYgGEBH8e120+RCmhpje6jC5uGWA==

typescript@^5.1.3:
  version "5.2.2"
  resolved "https://registry.yarnpkg.com/typescript/-/typescript-5.2.2.tgz#5ebb5e5a5b75f085f22bc3f8460fba308310fa78"
  integrity sha512-mI4WrpHsbCIcwT9cF4FZvr80QUeKvsUsUvKDoR+X/7XHQH98xYD8YHZg7ANtz2GtZt/CBq2QJ0thkGJMHfqc1w==

w3c-keyname@^2.2.4:
  version "2.2.8"
  resolved "https://registry.yarnpkg.com/w3c-keyname/-/w3c-keyname-2.2.8.tgz#7b17c8c6883d4e8b86ac8aba79d39e880f8869c5"
  integrity sha512-dpojBhNsCNN7T82Tm7k26A6G9ML3NkhDsnw9n/eoxSRlVBB4CEtIQ/KTCLI2Fwf3ataSXRhYFkQi3SlnFwPvPQ==
